
Microsoft Visual Studio Solution File, Format Version 12.00
# Visual Studio Version 17
VisualStudioVersion = 17.0.32126.317
MinimumVisualStudioVersion = 10.0.40219.1
Project("{9A19103F-16F7-4668-BE54-9A1E7A4F7556}") = "MapsExchange", "MapsExchange.csproj", "{CCD725A5-6573-4315-B92E-ACE0E0BF4AE5}"
EndProject
Global
	GlobalSection(SolutionConfigurationPlatforms) = preSolution
		Debug|Any CPU = Debug|Any CPU
		Release|Any CPU = Release|Any CPU
	EndGlobalSection
	GlobalSection(ProjectConfigurationPlatforms) = postSolution
		{CCD725A5-6573-4315-B92E-ACE0E0BF4AE5}.Debug|Any CPU.ActiveCfg = Debug|Any CPU
		{CCD725A5-6573-4315-B92E-ACE0E0BF4AE5}.Debug|Any CPU.Build.0 = Debug|Any CPU
		{CCD725A5-6573-4315-B92E-ACE0E0BF4AE5}.Release|Any CPU.ActiveCfg = Release|Any CPU
		{CCD725A5-6573-4315-B92E-ACE0E0BF4AE5}.Release|Any CPU.Build.0 = Release|Any CPU
	EndGlobalSection
	GlobalSection(SolutionProperties) = preSolution
		HideSolutionNode = FALSE
	EndGlobalSection
	GlobalSection(ExtensibilityGlobals) = postSolution
		SolutionGuid = {8A78687A-50E8-47BB-A99E-88E8790B5918}
	EndGlobalSection
EndGlobal
